Microsoft Visual Studio Solution File, Format Version 12.00
# Visual Studio Version 17
VisualStudioVersion = 17.5.2.0
MinimumVisualStudioVersion = 10.0.40219.1
Project("{FAE04EC0-301F-11D3-BF4B-00C04F79EFBC}") = "monster-world", "monster-world.csproj", "{72F3F4BA-1414-1863-BA4D-BD79539DDDBB}"
EndProject
Global
	GlobalSection(SolutionConfigurationPlatforms) = preSolution
		Debug|Any CPU = Debug|Any CPU
		Release|Any CPU = Release|Any CPU
	EndGlobalSection
	GlobalSection(ProjectConfigurationPlatforms) = postSolution
		{72F3F4BA-1414-1863-BA4D-BD79539DDDBB}.Debug|Any CPU.ActiveCfg = Debug|Any CPU
		{72F3F4BA-1414-1863-BA4D-BD79539DDDBB}.Debug|Any CPU.Build.0 = Debug|Any CPU
		{72F3F4BA-1414-1863-BA4D-BD79539DDDBB}.Release|Any CPU.ActiveCfg = Release|Any CPU
		{72F3F4BA-1414-1863-BA4D-BD79539DDDBB}.Release|Any CPU.Build.0 = Release|Any CPU
	EndGlobalSection
	GlobalSection(SolutionProperties) = preSolution
		HideSolutionNode = FALSE
	EndGlobalSection
	GlobalSection(ExtensibilityGlobals) = postSolution
		SolutionGuid = {4B0E3DDF-10AF-41A4-B918-18FE50977ECD}
	EndGlobalSection
EndGlobal
